
Microsoft Visual Studio Solution File, Format Version 12.00
# Visual Studio Version 17
VisualStudioVersion = 17.9.34723.18
MinimumVisualStudioVersion = 10.0.40219.1
Project("{9A19103F-16F7-4668-BE54-9A1E7A4F7556}") = "TZMDotNetCore.ConsoleApp", "TZMDotNetCore.ConsoleApp\TZMDotNetCore.ConsoleApp.csproj", "{343CA8F9-D439-4687-8884-4BF0CBFF2E65}"
EndProject
Project("{2150E333-8FDC-42A3-9474-1A3956D46DE8}") = "Documents", "Documents", "{EB371680-C880-403A-ACBB-0E01E79EAA08}"
	ProjectSection(SolutionItems) = preProject
		TZMDotNetCore.sql = TZMDotNetCore.sql
	EndProjectSection
EndProject
Global
	GlobalSection(SolutionConfigurationPlatforms) = preSolution
		Debug|Any CPU = Debug|Any CPU
		Release|Any CPU = Release|Any CPU
	EndGlobalSection
	GlobalSection(ProjectConfigurationPlatforms) = postSolution
		{343CA8F9-D439-4687-8884-4BF0CBFF2E65}.Debug|Any CPU.ActiveCfg = Debug|Any CPU
		{343CA8F9-D439-4687-8884-4BF0CBFF2E65}.Debug|Any CPU.Build.0 = Debug|Any CPU
		{343CA8F9-D439-4687-8884-4BF0CBFF2E65}.Release|Any CPU.ActiveCfg = Release|Any CPU
		{343CA8F9-D439-4687-8884-4BF0CBFF2E65}.Release|Any CPU.Build.0 = Release|Any CPU
	EndGlobalSection
	GlobalSection(SolutionProperties) = preSolution
		HideSolutionNode = FALSE
	EndGlobalSection
	GlobalSection(ExtensibilityGlobals) = postSolution
		SolutionGuid = {0ED8A063-3885-4B56-851F-141A05157058}
	EndGlobalSection
EndGlobal
