
Microsoft Visual Studio Solution File, Format Version 12.00
# Visual Studio Version 17
VisualStudioVersion = 17.9.34723.18
MinimumVisualStudioVersion = 10.0.40219.1
Project("{9A19103F-16F7-4668-BE54-9A1E7A4F7556}") = "TZMDotNetCore.ConsoleApp", "TZMDotNetCore.ConsoleApp\TZMDotNetCore.ConsoleApp.csproj", "{343CA8F9-D439-4687-8884-4BF0CBFF2E65}"
EndProject
Project("{2150E333-8FDC-42A3-9474-1A3956D46DE8}") = "Documents", "Documents", "{EB371680-C880-403A-ACBB-0E01E79EAA08}"
	ProjectSection(SolutionItems) = preProject
		TZMDotNetCore.sql = TZMDotNetCore.sql
	EndProjectSection
EndProject
Project("{9A19103F-16F7-4668-BE54-9A1E7A4F7556}") = "TZMDotNetCore.RestApi", "TZMDotNetCore.RestApi\TZMDotNetCore.RestApi.csproj", "{A61C4473-0C08-472C-93D2-F28861D4F547}"
EndProject
Project("{9A19103F-16F7-4668-BE54-9A1E7A4F7556}") = "TZMDotNetCore.Shared", "TZMDotNetCore.Shared\TZMDotNetCore.Shared.csproj", "{741CFD48-4437-4E70-A3D9-D5810A8BC89D}"
EndProject
Project("{9A19103F-16F7-4668-BE54-9A1E7A4F7556}") = "TZMDotNetCore.RestApiWithNLayer", "TZMDotNetCore.RestApiWithNLayer\TZMDotNetCore.RestApiWithNLayer.csproj", "{56D9BC46-B868-4513-899C-8B0412B2514E}"
EndProject
Project("{9A19103F-16F7-4668-BE54-9A1E7A4F7556}") = "TZMDotNetCore.ConsoleAppHttpClient", "TZMDotNetCore.ConsoleAppHttpClient\TZMDotNetCore.ConsoleAppHttpClient.csproj", "{DE494A86-C801-4D19-B54B-5A1F1DFB21A4}"
EndProject
Project("{9A19103F-16F7-4668-BE54-9A1E7A4F7556}") = "TZMDotNetCore.ConsoleAppHttpClientExamples", "TZMDotNetCore.ConsoleAppHttpClientExamples\TZMDotNetCore.ConsoleAppHttpClientExamples.csproj", "{75695EEE-62E8-464C-89D6-1F126C5AB1D5}"
EndProject
Project("{FAE04EC0-301F-11D3-BF4B-00C04F79EFBC}") = "TZMDotNetCore.ConsoleAppRestClientExamples", "TZMDotNetCore.ConsoleAppRestClientExamples\TZMDotNetCore.ConsoleAppRestClientExamples.csproj", "{E511EE0F-BC0D-4B99-8ADC-69B9D1058BA3}"
EndProject
Global
	GlobalSection(SolutionConfigurationPlatforms) = preSolution
		Debug|Any CPU = Debug|Any CPU
		Release|Any CPU = Release|Any CPU
	EndGlobalSection
	GlobalSection(ProjectConfigurationPlatforms) = postSolution
		{343CA8F9-D439-4687-8884-4BF0CBFF2E65}.Debug|Any CPU.ActiveCfg = Debug|Any CPU
		{343CA8F9-D439-4687-8884-4BF0CBFF2E65}.Debug|Any CPU.Build.0 = Debug|Any CPU
		{343CA8F9-D439-4687-8884-4BF0CBFF2E65}.Release|Any CPU.ActiveCfg = Release|Any CPU
		{343CA8F9-D439-4687-8884-4BF0CBFF2E65}.Release|Any CPU.Build.0 = Release|Any CPU
		{A61C4473-0C08-472C-93D2-F28861D4F547}.Debug|Any CPU.ActiveCfg = Debug|Any CPU
		{A61C4473-0C08-472C-93D2-F28861D4F547}.Debug|Any CPU.Build.0 = Debug|Any CPU
		{A61C4473-0C08-472C-93D2-F28861D4F547}.Release|Any CPU.ActiveCfg = Release|Any CPU
		{A61C4473-0C08-472C-93D2-F28861D4F547}.Release|Any CPU.Build.0 = Release|Any CPU
		{741CFD48-4437-4E70-A3D9-D5810A8BC89D}.Debug|Any CPU.ActiveCfg = Debug|Any CPU
		{741CFD48-4437-4E70-A3D9-D5810A8BC89D}.Debug|Any CPU.Build.0 = Debug|Any CPU
		{741CFD48-4437-4E70-A3D9-D5810A8BC89D}.Release|Any CPU.ActiveCfg = Release|Any CPU
		{741CFD48-4437-4E70-A3D9-D5810A8BC89D}.Release|Any CPU.Build.0 = Release|Any CPU
		{56D9BC46-B868-4513-899C-8B0412B2514E}.Debug|Any CPU.ActiveCfg = Debug|Any CPU
		{56D9BC46-B868-4513-899C-8B0412B2514E}.Debug|Any CPU.Build.0 = Debug|Any CPU
		{56D9BC46-B868-4513-899C-8B0412B2514E}.Release|Any CPU.ActiveCfg = Release|Any CPU
		{56D9BC46-B868-4513-899C-8B0412B2514E}.Release|Any CPU.Build.0 = Release|Any CPU
		{DE494A86-C801-4D19-B54B-5A1F1DFB21A4}.Debug|Any CPU.ActiveCfg = Debug|Any CPU
		{DE494A86-C801-4D19-B54B-5A1F1DFB21A4}.Debug|Any CPU.Build.0 = Debug|Any CPU
		{DE494A86-C801-4D19-B54B-5A1F1DFB21A4}.Release|Any CPU.ActiveCfg = Release|Any CPU
		{DE494A86-C801-4D19-B54B-5A1F1DFB21A4}.Release|Any CPU.Build.0 = Release|Any CPU
		{75695EEE-62E8-464C-89D6-1F126C5AB1D5}.Debug|Any CPU.ActiveCfg = Debug|Any CPU
		{75695EEE-62E8-464C-89D6-1F126C5AB1D5}.Debug|Any CPU.Build.0 = Debug|Any CPU
		{75695EEE-62E8-464C-89D6-1F126C5AB1D5}.Release|Any CPU.ActiveCfg = Release|Any CPU
		{75695EEE-62E8-464C-89D6-1F126C5AB1D5}.Release|Any CPU.Build.0 = Release|Any CPU
		{E511EE0F-BC0D-4B99-8ADC-69B9D1058BA3}.Debug|Any CPU.ActiveCfg = Debug|Any CPU
		{E511EE0F-BC0D-4B99-8ADC-69B9D1058BA3}.Debug|Any CPU.Build.0 = Debug|Any CPU
		{E511EE0F-BC0D-4B99-8ADC-69B9D1058BA3}.Release|Any CPU.ActiveCfg = Release|Any CPU
		{E511EE0F-BC0D-4B99-8ADC-69B9D1058BA3}.Release|Any CPU.Build.0 = Release|Any CPU
	EndGlobalSection
	GlobalSection(SolutionProperties) = preSolution
		HideSolutionNode = FALSE
	EndGlobalSection
	GlobalSection(ExtensibilityGlobals) = postSolution
		SolutionGuid = {0ED8A063-3885-4B56-851F-141A05157058}
	EndGlobalSection
EndGlobal
